
Microsoft Visual Studio Solution File, Format Version 12.00
# Visual Studio Version 17
VisualStudioVersion = 17.9.34723.18
MinimumVisualStudioVersion = 10.0.40219.1
Project("{FAE04EC0-301F-11D3-BF4B-00C04F79EFBC}") = "WebsitePlant", "WebsitePlant.csproj", "{8CB03531-4247-4741-915B-2BBFC3AFA2E5}"
EndProject
Global
	GlobalSection(SolutionConfigurationPlatforms) = preSolution
		Debug|Any CPU = Debug|Any CPU
		Release|Any CPU = Release|Any CPU
	EndGlobalSection
	GlobalSection(ProjectConfigurationPlatforms) = postSolution
		{8CB03531-4247-4741-915B-2BBFC3AFA2E5}.Debug|Any CPU.ActiveCfg = Debug|Any CPU
		{8CB03531-4247-4741-915B-2BBFC3AFA2E5}.Debug|Any CPU.Build.0 = Debug|Any CPU
		{8CB03531-4247-4741-915B-2BBFC3AFA2E5}.Release|Any CPU.ActiveCfg = Release|Any CPU
		{8CB03531-4247-4741-915B-2BBFC3AFA2E5}.Release|Any CPU.Build.0 = Release|Any CPU
	EndGlobalSection
	GlobalSection(SolutionProperties) = preSolution
		HideSolutionNode = FALSE
	EndGlobalSection
	GlobalSection(ExtensibilityGlobals) = postSolution
		SolutionGuid = {7E3374AB-6F7F-4D83-99A7-9589C3BFC79A}
	EndGlobalSection
EndGlobal
